
Microsoft Visual Studio Solution File, Format Version 12.00
# Visual Studio Version 16
VisualStudioVersion = 16.0.30804.86
MinimumVisualStudioVersion = 10.0.40219.1
Project("{FAE04EC0-301F-11D3-BF4B-00C04F79EFBC}") = "NSLineCounter", "NSLineCounter\NSLineCounter.csproj", "{84760EF2-FD80-499F-AB54-BE6082A2DCF1}"
EndProject
Global
	GlobalSection(SolutionConfigurationPlatforms) = preSolution
		Debug|Any CPU = Debug|Any CPU
		Release|Any CPU = Release|Any CPU
	EndGlobalSection
	GlobalSection(ProjectConfigurationPlatforms) = postSolution
		{84760EF2-FD80-499F-AB54-BE6082A2DCF1}.Debug|Any CPU.ActiveCfg = Debug|Any CPU
		{84760EF2-FD80-499F-AB54-BE6082A2DCF1}.Debug|Any CPU.Build.0 = Debug|Any CPU
		{84760EF2-FD80-499F-AB54-BE6082A2DCF1}.Release|Any CPU.ActiveCfg = Release|Any CPU
		{84760EF2-FD80-499F-AB54-BE6082A2DCF1}.Release|Any CPU.Build.0 = Release|Any CPU
	EndGlobalSection
	GlobalSection(SolutionProperties) = preSolution
		HideSolutionNode = FALSE
	EndGlobalSection
	GlobalSection(ExtensibilityGlobals) = postSolution
		SolutionGuid = {1C519368-B9AC-41B3-B9F9-C228EBDFEEB7}
	EndGlobalSection
EndGlobal
